
Microsoft Visual Studio Solution File, Format Version 12.00
# Visual Studio Version 16
VisualStudioVersion = 16.0.30114.105
MinimumVisualStudioVersion = 10.0.40219.1
Project("{FAE04EC0-301F-11D3-BF4B-00C04F79EFBC}") = "api", "api\api.csproj", "{168D6D68-E4AC-409D-AEF3-7A342D79299C}"
EndProject
Project("{FAE04EC0-301F-11D3-BF4B-00C04F79EFBC}") = "application", "application\application.csproj", "{7862BCAC-8688-428B-9AEA-E4D83DDCC8C9}"
EndProject
Project("{FAE04EC0-301F-11D3-BF4B-00C04F79EFBC}") = "domain", "domain\domain.csproj", "{F5F404BE-AE42-4D19-9040-E91928A1D5C2}"
EndProject
Project("{FAE04EC0-301F-11D3-BF4B-00C04F79EFBC}") = "Infra", "infra\Persistence\Infra.csproj", "{92313313-0EB6-4E71-918C-41BDDB122944}"
EndProject
Project("{FAE04EC0-301F-11D3-BF4B-00C04F79EFBC}") = "IoC", "Infra\CrossCutting\Ioc.csproj", "{BB891711-4CAE-499A-8061-F1BC98DEC6B1}"
EndProject
Global
	GlobalSection(SolutionConfigurationPlatforms) = preSolution
		Debug|Any CPU = Debug|Any CPU
		Release|Any CPU = Release|Any CPU
	EndGlobalSection
	GlobalSection(SolutionProperties) = preSolution
		HideSolutionNode = FALSE
	EndGlobalSection
	GlobalSection(ProjectConfigurationPlatforms) = postSolution
		{9DAEB694-A3FA-480A-AB1C-875091DAFB21}.Debug|Any CPU.ActiveCfg = Debug|Any CPU
		{9DAEB694-A3FA-480A-AB1C-875091DAFB21}.Debug|Any CPU.Build.0 = Debug|Any CPU
		{9DAEB694-A3FA-480A-AB1C-875091DAFB21}.Release|Any CPU.ActiveCfg = Release|Any CPU
		{9DAEB694-A3FA-480A-AB1C-875091DAFB21}.Release|Any CPU.Build.0 = Release|Any CPU
		{619D4520-6336-4CA1-8A94-E0F41972DECE}.Debug|Any CPU.ActiveCfg = Debug|Any CPU
		{619D4520-6336-4CA1-8A94-E0F41972DECE}.Debug|Any CPU.Build.0 = Debug|Any CPU
		{619D4520-6336-4CA1-8A94-E0F41972DECE}.Release|Any CPU.ActiveCfg = Release|Any CPU
		{619D4520-6336-4CA1-8A94-E0F41972DECE}.Release|Any CPU.Build.0 = Release|Any CPU
		{F9E1E3C7-1E35-4534-B323-7CC05957D614}.Debug|Any CPU.ActiveCfg = Debug|Any CPU
		{F9E1E3C7-1E35-4534-B323-7CC05957D614}.Debug|Any CPU.Build.0 = Debug|Any CPU
		{F9E1E3C7-1E35-4534-B323-7CC05957D614}.Release|Any CPU.ActiveCfg = Release|Any CPU
		{F9E1E3C7-1E35-4534-B323-7CC05957D614}.Release|Any CPU.Build.0 = Release|Any CPU
		{0CCE4F02-C445-4092-9681-AF22C06E228C}.Debug|Any CPU.ActiveCfg = Debug|Any CPU
		{0CCE4F02-C445-4092-9681-AF22C06E228C}.Debug|Any CPU.Build.0 = Debug|Any CPU
		{0CCE4F02-C445-4092-9681-AF22C06E228C}.Release|Any CPU.ActiveCfg = Release|Any CPU
		{0CCE4F02-C445-4092-9681-AF22C06E228C}.Release|Any CPU.Build.0 = Release|Any CPU
		{B0A698F9-8FE9-41F7-BB27-3F60D1947DD9}.Debug|Any CPU.ActiveCfg = Debug|Any CPU
		{B0A698F9-8FE9-41F7-BB27-3F60D1947DD9}.Debug|Any CPU.Build.0 = Debug|Any CPU
		{B0A698F9-8FE9-41F7-BB27-3F60D1947DD9}.Release|Any CPU.ActiveCfg = Release|Any CPU
		{B0A698F9-8FE9-41F7-BB27-3F60D1947DD9}.Release|Any CPU.Build.0 = Release|Any CPU
		{168D6D68-E4AC-409D-AEF3-7A342D79299C}.Debug|Any CPU.ActiveCfg = Debug|Any CPU
		{168D6D68-E4AC-409D-AEF3-7A342D79299C}.Debug|Any CPU.Build.0 = Debug|Any CPU
		{168D6D68-E4AC-409D-AEF3-7A342D79299C}.Release|Any CPU.ActiveCfg = Release|Any CPU
		{168D6D68-E4AC-409D-AEF3-7A342D79299C}.Release|Any CPU.Build.0 = Release|Any CPU
		{7862BCAC-8688-428B-9AEA-E4D83DDCC8C9}.Debug|Any CPU.ActiveCfg = Debug|Any CPU
		{7862BCAC-8688-428B-9AEA-E4D83DDCC8C9}.Debug|Any CPU.Build.0 = Debug|Any CPU
		{7862BCAC-8688-428B-9AEA-E4D83DDCC8C9}.Release|Any CPU.ActiveCfg = Release|Any CPU
		{7862BCAC-8688-428B-9AEA-E4D83DDCC8C9}.Release|Any CPU.Build.0 = Release|Any CPU
		{F5F404BE-AE42-4D19-9040-E91928A1D5C2}.Debug|Any CPU.ActiveCfg = Debug|Any CPU
		{F5F404BE-AE42-4D19-9040-E91928A1D5C2}.Debug|Any CPU.Build.0 = Debug|Any CPU
		{F5F404BE-AE42-4D19-9040-E91928A1D5C2}.Release|Any CPU.ActiveCfg = Release|Any CPU
		{F5F404BE-AE42-4D19-9040-E91928A1D5C2}.Release|Any CPU.Build.0 = Release|Any CPU
		{92313313-0EB6-4E71-918C-41BDDB122944}.Debug|Any CPU.ActiveCfg = Debug|Any CPU
		{92313313-0EB6-4E71-918C-41BDDB122944}.Debug|Any CPU.Build.0 = Debug|Any CPU
		{92313313-0EB6-4E71-918C-41BDDB122944}.Release|Any CPU.ActiveCfg = Release|Any CPU
		{92313313-0EB6-4E71-918C-41BDDB122944}.Release|Any CPU.Build.0 = Release|Any CPU
		{BB891711-4CAE-499A-8061-F1BC98DEC6B1}.Debug|Any CPU.ActiveCfg = Debug|Any CPU
		{BB891711-4CAE-499A-8061-F1BC98DEC6B1}.Debug|Any CPU.Build.0 = Debug|Any CPU
		{BB891711-4CAE-499A-8061-F1BC98DEC6B1}.Release|Any CPU.ActiveCfg = Release|Any CPU
		{BB891711-4CAE-499A-8061-F1BC98DEC6B1}.Release|Any CPU.Build.0 = Release|Any CPU
	EndGlobalSection
EndGlobal
